# THIS IS AN AUTOGENERATED FILE. DO NOT EDIT THIS FILE DIRECTLY.
# yarn lockfile v1


"@turbo/darwin-64@2.11.6":
  version "2.11.6"
  resolved "https://registry.yarnpkg.com/@turbo/darwin-64/-/darwin-64-2.11.6.tgz#3d68710c60edc970bd2237f54661f31342ac73c9"
  integrity sha512-nAvJwDBgz/cKoSPhB7YOGPFmDEwCRavFjy0jUsrGqR97cLyJqXU2rZC/zTnw+9J3DkB2gfjpolX7mKsBatMcCQ==

"@turbo/darwin-arm64@2.11.6":
  version "2.11.6"
  resolved "https://registry.yarnpkg.com/@turbo/darwin-arm64/-/darwin-arm64-2.11.6.tgz#0f24237b8d54cb7d7965dcfb4aa564fde8f0aa60"
  integrity sha512-odk6UHW9hympllPlezz7oJhPmO40+oU8BUh4zvNuSIqQ1QQll4zo1DN4IrD/3jUzkLefvMJ8UHEHlGq9WdR7tw==

"@turbo/linux-64@2.11.6":
  version "2.11.6"
  resolved "https://registry.yarnpkg.com/@turbo/linux-64/-/linux-64-2.11.6.tgz#22c9743097bb33ecafe677c9c8ba8a696df379fc"
  integrity sha512-PvXbwMqZPEWdWnJSIJ5D/tugnSOrRvLYKkH7iC8TLGVI+4J5znSLn3Tx1YkH5OUzFEFhxJQyHjtiRqBPbCoVlg==

"@turbo/linux-arm64@2.11.6":
  version "2.11.6"
  resolved "https://registry.yarnpkg.com/@turbo/linux-arm64/-/linux-arm64-2.11.6.tgz#38239a43fb1f7ac456deb1e2793a95aaa7dc314b"
  integrity sha512-8FKA3SqJk6fTv7Hqrmv2JnJfqiXslTRJYBwiI6eU3QXokVMYFLh1wUywF+w3MPtDfx1O/1otbps5AnijbzY1Kg==

"@turbo/windows-64@2.11.6":
  version "2.11.6"
  resolved "https://registry.yarnpkg.com/@turbo/windows-64/-/windows-64-2.11.6.tgz#fc43a2fbfa6ec5261d64efdf165542f82aa46a10"
  integrity sha512-XPSgTg494cV31u0Uch8zRq/Jnpe8h4muwNpg9IRPrJqADrjjzxzFMtJCtBZTKVaSEDUU/ol8Gr4SYxtiHt2Tzg==

"@turbo/windows-arm64@2.11.6":
  version "2.11.6"
  resolved "https://registry.yarnpkg.com/@turbo/windows-arm64/-/windows-arm64-2.11.6.tgz#d6b1cab87eed0a0713a48eebc3341d93ef02d6f8"
  integrity sha512-dZ0/ZFH2AU/l1KdqISVkWUSnm0ufWZyiYRLDYCL+rJAhkUDMFhTZkSnYEL2O/m0tOu/Jy/EKAnZfocuyMX3LMQ==

turbo@^2.11.6:
  version "2.11.6"
  resolved "https://registry.yarnpkg.com/turbo/-/turbo-2.11.6.tgz#cca4d1405c3e6d8d1d36d8ec45bd603ef79a2390"
  integrity sha512-UppAr5XEHLfVdVp75nd+tzPp/wVEwS7Ken9aYjMlBnHqXynKn9IcQHd6GDOXBxDViSjpS+SzJcOF86v9Hf8GfQ==
  optionalDependencies:
    "@turbo/darwin-64" "2.11.6"
    "@turbo/darwin-arm64" "2.11.6"
    "@turbo/linux-64" "2.11.6"
    "@turbo/linux-arm64" "2.11.6"
    "@turbo/windows-64" "2.11.6"
    "@turbo/windows-arm64" "2.11.6"
